SITE
  remote: http://community.opscode.com/api/v1
  specs:
    7-zip (1.0.2)
      windows (>= 1.2.2)
    apt (2.6.0)
    ark (0.9.0)
      7-zip (>= 0.0.0)
      windows (>= 0.0.0)
    build-essential (2.1.2)
    chef-sugar (2.4.1)
    chef_handler (1.1.6)
    cron (1.6.1)
    dmg (2.2.2)
    elasticsearch (0.3.10)
      ark (>= 0.2.4)
    erlang (1.5.6)
      apt (>= 1.7.0)
      build-essential (>= 0.0.0)
      yum (~> 3.0)
      yum-epel (>= 0.0.0)
      yum-erlang_solutions (>= 0.0.0)
    git (4.0.2)
      build-essential (>= 0.0.0)
      dmg (>= 0.0.0)
      runit (>= 1.0.0)
      windows (>= 0.0.0)
      yum (~> 3.0)
      yum-epel (>= 0.0.0)
    imagemagick (0.2.3)
    install_from (3.0.4)
    java (1.28.0)
    logrotate (1.7.0)
    metachef (3.0.4)
    mongodb (0.16.2)
      apt (>= 1.8.2)
      python (>= 0.0.0)
      runit (>= 1.5.0)
      yum (>= 3.0)
    monit (0.7.5)
    mysql (5.6.1)
      yum-mysql-community (>= 0.0.0)
    ohai (2.0.1)
    openssl (2.0.0)
      chef-sugar (>= 0.0.0)
    python (1.4.6)
      build-essential (>= 0.0.0)
      yum-epel (>= 0.0.0)
    rabbitmq (3.3.0)
      erlang (>= 0.9)
    redis (3.0.4)
      install_from (>= 0.0.0)
      metachef (>= 0.0.0)
      runit (>= 0.0.0)
    runit (1.5.10)
      build-essential (>= 0.0.0)
      yum (~> 3.0)
      yum-epel (>= 0.0.0)
    sudo (2.7.1)
    windows (1.34.8)
      chef_handler (>= 0.0.0)
    yum (3.4.1)
    yum-epel (0.5.2)
      yum (~> 3.0)
    yum-erlang_solutions (0.2.0)
      yum (~> 3.0)
    yum-mysql-community (0.1.10)
      yum (>= 3.0)

GIT
  remote: git://github.com/damm/backup
  ref: master
  sha: a12c962d815bb2f98290dd8224d7eaf0caac171d
  specs:
    backup (0.2.1)
      build-essential (>= 0.0.0)
      cron (>= 0.0.0)

GIT
  remote: git://github.com/fnichol/chef-rbenv.git
  ref: master
  sha: 0a3018634bafe58ad21c6ee271af015220e444b9
  specs:
    rbenv (0.7.3)

GIT
  remote: git://github.com/hw-cookbooks/locale/
  ref: master
  sha: 82b365ba140fe303a5c137aa4a7cc1ad44791bf4
  specs:
    locale (1.0.3)

GIT
  remote: git://github.com/phlipper/chef-postgresql
  ref: master
  sha: 4ed030dd3f6c770dd0f6a7a9bdc20f48ede448e0
  specs:
    postgresql (0.14.1)
      apt (>= 1.9.0)

DEPENDENCIES
  apt (>= 0)
  ark (>= 0)
  backup (>= 0)
  build-essential (>= 0)
  elasticsearch (>= 0)
  git (>= 0)
  imagemagick (>= 0)
  install_from (>= 0)
  java (>= 0)
  locale (>= 0)
  logrotate (>= 0)
  mongodb (>= 0)
  monit (>= 0)
  mysql (>= 0)
  ohai (>= 0)
  openssl (>= 0)
  postgresql (= 0.14.1)
  rabbitmq (>= 0)
  rbenv (>= 0)
  redis (>= 0)
  runit (>= 0)
  sudo (>= 0)

